
Microsoft Visual Studio Solution File, Format Version 12.00
# Visual Studio Version 16
VisualStudioVersion = 16.0.32602.291
MinimumVisualStudioVersion = 10.0.40219.1
Project("{FAE04EC0-301F-11D3-BF4B-00C04F79EFBC}") = "TestUI", "TestUI\TestUI.csproj", "{6DF0606E-6899-4978-805E-176A43ED75FA}"
EndProject
Global
	GlobalSection(SolutionConfigurationPlatforms) = preSolution
		Debug|Any CPU = Debug|Any CPU
		Release|Any CPU = Release|Any CPU
	EndGlobalSection
	GlobalSection(ProjectConfigurationPlatforms) = postSolution
		{6DF0606E-6899-4978-805E-176A43ED75FA}.Debug|Any CPU.ActiveCfg = Debug|Any CPU
		{6DF0606E-6899-4978-805E-176A43ED75FA}.Debug|Any CPU.Build.0 = Debug|Any CPU
		{6DF0606E-6899-4978-805E-176A43ED75FA}.Release|Any CPU.ActiveCfg = Release|Any CPU
		{6DF0606E-6899-4978-805E-176A43ED75FA}.Release|Any CPU.Build.0 = Release|Any CPU
	EndGlobalSection
	GlobalSection(SolutionProperties) = preSolution
		HideSolutionNode = FALSE
	EndGlobalSection
	GlobalSection(ExtensibilityGlobals) = postSolution
		SolutionGuid = {AC9E4345-C1ED-498A-B15C-5C72EEC84926}
	EndGlobalSection
EndGlobal
